
Microsoft Visual Studio Solution File, Format Version 12.00
# Visual Studio 15
VisualStudioVersion = 15.0.28307.1500
MinimumVisualStudioVersion = 10.0.40219.1
Project("{FAE04EC0-301F-11D3-BF4B-00C04F79EFBC}") = "Exercise4", "Exercise4\Exercise4.csproj", "{BB0A506E-954A-49B9-88DF-376FE0819C40}"
EndProject
Global
	GlobalSection(SolutionConfigurationPlatforms) = preSolution
		Debug|Any CPU = Debug|Any CPU
		Release|Any CPU = Release|Any CPU
	EndGlobalSection
	GlobalSection(ProjectConfigurationPlatforms) = postSolution
		{BB0A506E-954A-49B9-88DF-376FE0819C40}.Debug|Any CPU.ActiveCfg = Debug|Any CPU
		{BB0A506E-954A-49B9-88DF-376FE0819C40}.Debug|Any CPU.Build.0 = Debug|Any CPU
		{BB0A506E-954A-49B9-88DF-376FE0819C40}.Release|Any CPU.ActiveCfg = Release|Any CPU
		{BB0A506E-954A-49B9-88DF-376FE0819C40}.Release|Any CPU.Build.0 = Release|Any CPU
	EndGlobalSection
	GlobalSection(SolutionProperties) = preSolution
		HideSolutionNode = FALSE
	EndGlobalSection
	GlobalSection(ExtensibilityGlobals) = postSolution
		SolutionGuid = {344D2EC0-F0EC-4730-AAA7-0D3E9B717959}
	EndGlobalSection
EndGlobal
